{
  "name": "E-BookStore--Django",
  "lockfileVersion": 3,
  "requires": true,
  "packages": {
    "": {
      "dependencies": {
        "@vercel/python": "^4.5.1"
      }
    },
    "node_modules/@vercel/python": {
      "version": "4.5.1",
      "resolved": "https://registry.npmjs.org/@vercel/python/-/python-4.5.1.tgz",
      "integrity": "sha512-nZX1oezs5E+Un5Pw21P7cEXV9WBohRSq8gDAqipu7KHFfdAQ7ubfBclRmDTGaHOiYvdLsJPiE599vsUfKKob/w==",
      "license": "Apache-2.0"
    }
  }
}
